
Microsoft Visual Studio Solution File, Format Version 12.00
# Visual Studio Version 16
VisualStudioVersion = 16.0.31205.134
MinimumVisualStudioVersion = 10.0.40219.1
Project("{FAE04EC0-301F-11D3-BF4B-00C04F79EFBC}") = "XILAPI_DiagPortClientExample", "XILAPI_DiagPortClientExample.csproj", "{BC02DB55-91EE-4D1F-81B8-B5FD2BED4379}"
EndProject
Global
	GlobalSection(SolutionConfigurationPlatforms) = preSolution
		Debug_XIL_API_2_1_0|x64 = Debug_XIL_API_2_1_0|x64
		Debug_XIL_API_2_1_0|x86 = Debug_XIL_API_2_1_0|x86
		Debug_XIL_API_2_2_0|x64 = Debug_XIL_API_2_2_0|x64
		Debug_XIL_API_2_2_0|x86 = Debug_XIL_API_2_2_0|x86
		Release_XIL_API_2_1_0|x64 = Release_XIL_API_2_1_0|x64
		Release_XIL_API_2_1_0|x86 = Release_XIL_API_2_1_0|x86
		Release_XIL_API_2_2_0|x64 = Release_XIL_API_2_2_0|x64
		Release_XIL_API_2_2_0|x86 = Release_XIL_API_2_2_0|x86
	EndGlobalSection
	GlobalSection(ProjectConfigurationPlatforms) = postSolution
		{BC02DB55-91EE-4D1F-81B8-B5FD2BED4379}.Debug_XIL_API_2_1_0|x64.ActiveCfg = Debug_XIL_API_2_1_0|x64
		{BC02DB55-91EE-4D1F-81B8-B5FD2BED4379}.Debug_XIL_API_2_1_0|x64.Build.0 = Debug_XIL_API_2_1_0|x64
		{BC02DB55-91EE-4D1F-81B8-B5FD2BED4379}.Debug_XIL_API_2_1_0|x86.ActiveCfg = Debug_XIL_API_2_1_0|x86
		{BC02DB55-91EE-4D1F-81B8-B5FD2BED4379}.Debug_XIL_API_2_1_0|x86.Build.0 = Debug_XIL_API_2_1_0|x86
		{BC02DB55-91EE-4D1F-81B8-B5FD2BED4379}.Debug_XIL_API_2_2_0|x64.ActiveCfg = Debug_XIL_API_2_2_0|x64
		{BC02DB55-91EE-4D1F-81B8-B5FD2BED4379}.Debug_XIL_API_2_2_0|x64.Build.0 = Debug_XIL_API_2_2_0|x64
		{BC02DB55-91EE-4D1F-81B8-B5FD2BED4379}.Debug_XIL_API_2_2_0|x86.ActiveCfg = Debug_XIL_API_2_2_0|x86
		{BC02DB55-91EE-4D1F-81B8-B5FD2BED4379}.Debug_XIL_API_2_2_0|x86.Build.0 = Debug_XIL_API_2_2_0|x86
		{BC02DB55-91EE-4D1F-81B8-B5FD2BED4379}.Release_XIL_API_2_1_0|x64.ActiveCfg = Release_XIL_API_2_1_0|x64
		{BC02DB55-91EE-4D1F-81B8-B5FD2BED4379}.Release_XIL_API_2_1_0|x64.Build.0 = Release_XIL_API_2_1_0|x64
		{BC02DB55-91EE-4D1F-81B8-B5FD2BED4379}.Release_XIL_API_2_1_0|x86.ActiveCfg = Release_XIL_API_2_1_0|x86
		{BC02DB55-91EE-4D1F-81B8-B5FD2BED4379}.Release_XIL_API_2_1_0|x86.Build.0 = Release_XIL_API_2_1_0|x86
		{BC02DB55-91EE-4D1F-81B8-B5FD2BED4379}.Release_XIL_API_2_2_0|x64.ActiveCfg = Release_XIL_API_2_2_0|x64
		{BC02DB55-91EE-4D1F-81B8-B5FD2BED4379}.Release_XIL_API_2_2_0|x64.Build.0 = Release_XIL_API_2_2_0|x64
		{BC02DB55-91EE-4D1F-81B8-B5FD2BED4379}.Release_XIL_API_2_2_0|x86.ActiveCfg = Release_XIL_API_2_2_0|x86
		{BC02DB55-91EE-4D1F-81B8-B5FD2BED4379}.Release_XIL_API_2_2_0|x86.Build.0 = Release_XIL_API_2_2_0|x86
	EndGlobalSection
	GlobalSection(SolutionProperties) = preSolution
		HideSolutionNode = FALSE
	EndGlobalSection
	GlobalSection(ExtensibilityGlobals) = postSolution
		SolutionGuid = {657082AC-7575-48DA-8FC8-5ED37409D7E1}
	EndGlobalSection
EndGlobal
