Microsoft Visual Studio Solution File, Format Version 12.00
# Visual Studio 15
VisualStudioVersion = 15.0.27130.2020
MinimumVisualStudioVersion = 10.0.40219.1
Project("{8BC9CEB8-8B4A-11D0-8D11-00A0C91BC942}") = "CAN", "CAN\CAN.vcxproj", "{FF1EEC68-F50D-4C7B-98EE-1B8786637F41}"
EndProject
Project("{8BC9CEB8-8B4A-11D0-8D11-00A0C91BC942}") = "GlobalEventHandler", "GlobalEventHandler\GlobalEventHandler.vcxproj", "{FEC3D83E-F31E-4913-9726-4C1C1F9DBF5F}"
EndProject
Project("{8BC9CEB8-8B4A-11D0-8D11-00A0C91BC942}") = "LIN", "LIN\LIN.vcxproj", "{71F132A0-8880-49E5-8FA3-DFBC069FB503}"
EndProject
Project("{8BC9CEB8-8B4A-11D0-8D11-00A0C91BC942}") = "Signal", "Signal\Signal.vcxproj", "{2381756E-3793-4EC2-8AE2-C5CCAD1E1385}"
EndProject
Project("{8BC9CEB8-8B4A-11D0-8D11-00A0C91BC942}") = "SystemVariables", "SystemVariables\SystemVariables.vcxproj", "{1FEC36B2-CF07-45E4-9862-F4093950E3C2}"
EndProject
Project("{8BC9CEB8-8B4A-11D0-8D11-00A0C91BC942}") = "Timer", "Timer\Timer.vcxproj", "{3506259D-A393-4852-B022-30870BEDB688}"
EndProject
Project("{8BC9CEB8-8B4A-11D0-8D11-00A0C91BC942}") = "ServiceDiscovery", "ServiceDiscovery\ServiceDiscovery.vcxproj", "{E979468B-197A-4C02-9FA8-86E215DC1BBA}"
EndProject
Project("{8BC9CEB8-8B4A-11D0-8D11-00A0C91BC942}") = "ADAS", "ADAS\ADAS.vcxproj", "{EC989374-6F38-4589-8FD0-8A02337CB889}"
EndProject
Project("{8BC9CEB8-8B4A-11D0-8D11-00A0C91BC942}") = "SlaveMode", "SlaveMode\SlaveMode.vcxproj", "{3B6C3317-4F50-48CA-A1FF-84BAA337FF5D}"
EndProject
Project("{8BC9CEB8-8B4A-11D0-8D11-00A0C91BC942}") = "TriggerCANoe", "SlaveMode\TriggerCANoe\TriggerCANoe.vcxproj", "{2892B5D7-ADE2-49C2-9915-13AC058583C1}"
EndProject
Project("{8BC9CEB8-8B4A-11D0-8D11-00A0C91BC942}") = "Ethernet", "Ethernet\Ethernet.vcxproj", "{EA57C49F-168A-45AE-B4CF-429F95D10B66}"
EndProject
Project("{8BC9CEB8-8B4A-11D0-8D11-00A0C91BC942}") = "DistributedObjects", "DistributedObjects\DistributedObjects.vcxproj", "{F80F206F-A3AE-4C4B-AD8F-006DB104A749}"
EndProject
Global
	GlobalSection(SolutionConfigurationPlatforms) = preSolution
		Debug|Win32 = Debug|Win32
		Debug|x64 = Debug|x64
		Release|Win32 = Release|Win32
		Release|x64 = Release|x64
	EndGlobalSection
	GlobalSection(ProjectConfigurationPlatforms) = postSolution
		{FF1EEC68-F50D-4C7B-98EE-1B8786637F41}.Debug|Win32.ActiveCfg = Debug|Win32
		{FF1EEC68-F50D-4C7B-98EE-1B8786637F41}.Debug|Win32.Build.0 = Debug|Win32
		{FF1EEC68-F50D-4C7B-98EE-1B8786637F41}.Debug|x64.ActiveCfg = Debug|x64
		{FF1EEC68-F50D-4C7B-98EE-1B8786637F41}.Debug|x64.Build.0 = Debug|x64
		{FF1EEC68-F50D-4C7B-98EE-1B8786637F41}.Release|Win32.ActiveCfg = Release|Win32
		{FF1EEC68-F50D-4C7B-98EE-1B8786637F41}.Release|Win32.Build.0 = Release|Win32
		{FF1EEC68-F50D-4C7B-98EE-1B8786637F41}.Release|x64.ActiveCfg = Release|x64
		{FF1EEC68-F50D-4C7B-98EE-1B8786637F41}.Release|x64.Build.0 = Release|x64
		{FEC3D83E-F31E-4913-9726-4C1C1F9DBF5F}.Debug|Win32.ActiveCfg = Debug|Win32
		{FEC3D83E-F31E-4913-9726-4C1C1F9DBF5F}.Debug|Win32.Build.0 = Debug|Win32
		{FEC3D83E-F31E-4913-9726-4C1C1F9DBF5F}.Debug|x64.ActiveCfg = Debug|x64
		{FEC3D83E-F31E-4913-9726-4C1C1F9DBF5F}.Debug|x64.Build.0 = Debug|x64
		{FEC3D83E-F31E-4913-9726-4C1C1F9DBF5F}.Release|Win32.ActiveCfg = Release|Win32
		{FEC3D83E-F31E-4913-9726-4C1C1F9DBF5F}.Release|Win32.Build.0 = Release|Win32
		{FEC3D83E-F31E-4913-9726-4C1C1F9DBF5F}.Release|x64.ActiveCfg = Release|x64
		{FEC3D83E-F31E-4913-9726-4C1C1F9DBF5F}.Release|x64.Build.0 = Release|x64
		{71F132A0-8880-49E5-8FA3-DFBC069FB503}.Debug|Win32.ActiveCfg = Debug|Win32
		{71F132A0-8880-49E5-8FA3-DFBC069FB503}.Debug|Win32.Build.0 = Debug|Win32
		{71F132A0-8880-49E5-8FA3-DFBC069FB503}.Debug|x64.ActiveCfg = Debug|x64
		{71F132A0-8880-49E5-8FA3-DFBC069FB503}.Debug|x64.Build.0 = Debug|x64
		{71F132A0-8880-49E5-8FA3-DFBC069FB503}.Release|Win32.ActiveCfg = Release|Win32
		{71F132A0-8880-49E5-8FA3-DFBC069FB503}.Release|Win32.Build.0 = Release|Win32
		{71F132A0-8880-49E5-8FA3-DFBC069FB503}.Release|x64.ActiveCfg = Release|x64
		{71F132A0-8880-49E5-8FA3-DFBC069FB503}.Release|x64.Build.0 = Release|x64
		{2381756E-3793-4EC2-8AE2-C5CCAD1E1385}.Debug|Win32.ActiveCfg = Debug|Win32
		{2381756E-3793-4EC2-8AE2-C5CCAD1E1385}.Debug|Win32.Build.0 = Debug|Win32
		{2381756E-3793-4EC2-8AE2-C5CCAD1E1385}.Debug|x64.ActiveCfg = Debug|x64
		{2381756E-3793-4EC2-8AE2-C5CCAD1E1385}.Debug|x64.Build.0 = Debug|x64
		{2381756E-3793-4EC2-8AE2-C5CCAD1E1385}.Release|Win32.ActiveCfg = Release|Win32
		{2381756E-3793-4EC2-8AE2-C5CCAD1E1385}.Release|Win32.Build.0 = Release|Win32
		{2381756E-3793-4EC2-8AE2-C5CCAD1E1385}.Release|x64.ActiveCfg = Release|x64
		{2381756E-3793-4EC2-8AE2-C5CCAD1E1385}.Release|x64.Build.0 = Release|x64
		{1FEC36B2-CF07-45E4-9862-F4093950E3C2}.Debug|Win32.ActiveCfg = Debug|Win32
		{1FEC36B2-CF07-45E4-9862-F4093950E3C2}.Debug|Win32.Build.0 = Debug|Win32
		{1FEC36B2-CF07-45E4-9862-F4093950E3C2}.Debug|x64.ActiveCfg = Debug|x64
		{1FEC36B2-CF07-45E4-9862-F4093950E3C2}.Debug|x64.Build.0 = Debug|x64
		{1FEC36B2-CF07-45E4-9862-F4093950E3C2}.Release|Win32.ActiveCfg = Release|Win32
		{1FEC36B2-CF07-45E4-9862-F4093950E3C2}.Release|Win32.Build.0 = Release|Win32
		{1FEC36B2-CF07-45E4-9862-F4093950E3C2}.Release|x64.ActiveCfg = Release|x64
		{1FEC36B2-CF07-45E4-9862-F4093950E3C2}.Release|x64.Build.0 = Release|x64
		{3506259D-A393-4852-B022-30870BEDB688}.Debug|Win32.ActiveCfg = Debug|Win32
		{3506259D-A393-4852-B022-30870BEDB688}.Debug|Win32.Build.0 = Debug|Win32
		{3506259D-A393-4852-B022-30870BEDB688}.Debug|x64.ActiveCfg = Debug|x64
		{3506259D-A393-4852-B022-30870BEDB688}.Debug|x64.Build.0 = Debug|x64
		{3506259D-A393-4852-B022-30870BEDB688}.Release|Win32.ActiveCfg = Release|Win32
		{3506259D-A393-4852-B022-30870BEDB688}.Release|Win32.Build.0 = Release|Win32
		{3506259D-A393-4852-B022-30870BEDB688}.Release|x64.ActiveCfg = Release|x64
		{3506259D-A393-4852-B022-30870BEDB688}.Release|x64.Build.0 = Release|x64
		{E979468B-197A-4C02-9FA8-86E215DC1BBA}.Debug|Win32.ActiveCfg = Debug|Win32
		{E979468B-197A-4C02-9FA8-86E215DC1BBA}.Debug|Win32.Build.0 = Debug|Win32
		{E979468B-197A-4C02-9FA8-86E215DC1BBA}.Debug|x64.ActiveCfg = Debug|x64
		{E979468B-197A-4C02-9FA8-86E215DC1BBA}.Debug|x64.Build.0 = Debug|x64
		{E979468B-197A-4C02-9FA8-86E215DC1BBA}.Release|Win32.ActiveCfg = Release|Win32
		{E979468B-197A-4C02-9FA8-86E215DC1BBA}.Release|Win32.Build.0 = Release|Win32
		{E979468B-197A-4C02-9FA8-86E215DC1BBA}.Release|x64.ActiveCfg = Release|x64
		{E979468B-197A-4C02-9FA8-86E215DC1BBA}.Release|x64.Build.0 = Release|x64
		{EC989374-6F38-4589-8FD0-8A02337CB889}.Debug|Win32.ActiveCfg = Debug|Win32
		{EC989374-6F38-4589-8FD0-8A02337CB889}.Debug|Win32.Build.0 = Debug|Win32
		{EC989374-6F38-4589-8FD0-8A02337CB889}.Debug|x64.ActiveCfg = Debug|x64
		{EC989374-6F38-4589-8FD0-8A02337CB889}.Debug|x64.Build.0 = Debug|x64
		{EC989374-6F38-4589-8FD0-8A02337CB889}.Release|Win32.ActiveCfg = Release|Win32
		{EC989374-6F38-4589-8FD0-8A02337CB889}.Release|Win32.Build.0 = Release|Win32
		{EC989374-6F38-4589-8FD0-8A02337CB889}.Release|x64.ActiveCfg = Release|x64
		{EC989374-6F38-4589-8FD0-8A02337CB889}.Release|x64.Build.0 = Release|x64
		{3B6C3317-4F50-48CA-A1FF-84BAA337FF5D}.Debug|Win32.ActiveCfg = Debug|Win32
		{3B6C3317-4F50-48CA-A1FF-84BAA337FF5D}.Debug|Win32.Build.0 = Debug|Win32
		{3B6C3317-4F50-48CA-A1FF-84BAA337FF5D}.Debug|x64.ActiveCfg = Debug|x64
		{3B6C3317-4F50-48CA-A1FF-84BAA337FF5D}.Debug|x64.Build.0 = Debug|x64
		{3B6C3317-4F50-48CA-A1FF-84BAA337FF5D}.Release|Win32.ActiveCfg = Release|Win32
		{3B6C3317-4F50-48CA-A1FF-84BAA337FF5D}.Release|Win32.Build.0 = Release|Win32
		{3B6C3317-4F50-48CA-A1FF-84BAA337FF5D}.Release|x64.ActiveCfg = Release|x64
		{3B6C3317-4F50-48CA-A1FF-84BAA337FF5D}.Release|x64.Build.0 = Release|x64
		{2892B5D7-ADE2-49C2-9915-13AC058583C1}.Debug|Win32.ActiveCfg = Debug|Win32
		{2892B5D7-ADE2-49C2-9915-13AC058583C1}.Debug|Win32.Build.0 = Debug|Win32
		{2892B5D7-ADE2-49C2-9915-13AC058583C1}.Debug|x64.ActiveCfg = Debug|x64
		{2892B5D7-ADE2-49C2-9915-13AC058583C1}.Debug|x64.Build.0 = Debug|x64
		{2892B5D7-ADE2-49C2-9915-13AC058583C1}.Release|Win32.ActiveCfg = Release|Win32
		{2892B5D7-ADE2-49C2-9915-13AC058583C1}.Release|Win32.Build.0 = Release|Win32
		{2892B5D7-ADE2-49C2-9915-13AC058583C1}.Release|x64.ActiveCfg = Release|x64
		{2892B5D7-ADE2-49C2-9915-13AC058583C1}.Release|x64.Build.0 = Release|x64
		{EA57C49F-168A-45AE-B4CF-429F95D10B66}.Debug|Win32.ActiveCfg = Debug|Win32
		{EA57C49F-168A-45AE-B4CF-429F95D10B66}.Debug|Win32.Build.0 = Debug|Win32
		{EA57C49F-168A-45AE-B4CF-429F95D10B66}.Debug|x64.ActiveCfg = Debug|x64
		{EA57C49F-168A-45AE-B4CF-429F95D10B66}.Debug|x64.Build.0 = Debug|x64
		{EA57C49F-168A-45AE-B4CF-429F95D10B66}.Release|Win32.ActiveCfg = Release|Win32
		{EA57C49F-168A-45AE-B4CF-429F95D10B66}.Release|Win32.Build.0 = Release|Win32
		{EA57C49F-168A-45AE-B4CF-429F95D10B66}.Release|x64.ActiveCfg = Release|x64
		{EA57C49F-168A-45AE-B4CF-429F95D10B66}.Release|x64.Build.0 = Release|x64
		{F80F206F-A3AE-4C4B-AD8F-006DB104A749}.Debug|Win32.ActiveCfg = Debug|Win32
		{F80F206F-A3AE-4C4B-AD8F-006DB104A749}.Debug|Win32.Build.0 = Debug|Win32
		{F80F206F-A3AE-4C4B-AD8F-006DB104A749}.Debug|x64.ActiveCfg = Debug|x64
		{F80F206F-A3AE-4C4B-AD8F-006DB104A749}.Debug|x64.Build.0 = Debug|x64
		{F80F206F-A3AE-4C4B-AD8F-006DB104A749}.Release|Win32.ActiveCfg = Release|Win32
		{F80F206F-A3AE-4C4B-AD8F-006DB104A749}.Release|Win32.Build.0 = Release|Win32
		{F80F206F-A3AE-4C4B-AD8F-006DB104A749}.Release|x64.ActiveCfg = Release|x64
		{F80F206F-A3AE-4C4B-AD8F-006DB104A749}.Release|x64.Build.0 = Release|x64
	EndGlobalSection
	GlobalSection(SolutionProperties) = preSolution
		HideSolutionNode = FALSE
	EndGlobalSection
	GlobalSection(ExtensibilityGlobals) = postSolution
		SolutionGuid = {9FFBFC09-22E1-42CB-9C8A-76B73B7CBA1E}
	EndGlobalSection
EndGlobal
