
Microsoft Visual Studio Solution File, Format Version 12.00
# Visual Studio Version 16
VisualStudioVersion = 16.0.31205.134
MinimumVisualStudioVersion = 10.0.40219.1
Project("{8BC9CEB8-8B4A-11D0-8D11-00A0C91BC942}") = "SeednKey", "GenerateKeyEx.vcxproj", "{F58EB125-C5E6-3DCE-AD12-D75678EAD298}"
EndProject
Global
	GlobalSection(SolutionConfigurationPlatforms) = preSolution
		Debug|x64 = Debug|x64
		Release|x64 = Release|x64
	EndGlobalSection
	GlobalSection(ProjectConfigurationPlatforms) = postSolution
		{F58EB125-C5E6-3DCE-AD12-D75678EAD298}.Debug|x64.ActiveCfg = Debug|x64
		{F58EB125-C5E6-3DCE-AD12-D75678EAD298}.Debug|x64.Build.0 = Debug|x64
		{F58EB125-C5E6-3DCE-AD12-D75678EAD298}.Release|x64.ActiveCfg = Release|x64
		{F58EB125-C5E6-3DCE-AD12-D75678EAD298}.Release|x64.Build.0 = Release|x64
	EndGlobalSection
	GlobalSection(ExtensibilityGlobals) = postSolution
		SolutionGuid = {FE60024D-878A-3FE8-92EB-65E61747A732}
	EndGlobalSection
	GlobalSection(ExtensibilityAddIns) = postSolution
	EndGlobalSection
EndGlobal
